
Microsoft Visual Studio Solution File, Format Version 12.00
# Visual Studio Version 16
VisualStudioVersion = 16.0.31624.102
MinimumVisualStudioVersion = 10.0.40219.1
Project("{FAE04EC0-301F-11D3-BF4B-00C04F79EFBC}") = "GoninDigital", "GoninDigital.csproj", "{896F906C-489D-4980-9954-AA743FC0F33C}"
EndProject
Global
	GlobalSection(SolutionConfigurationPlatforms) = preSolution
		Debug|Any CPU = Debug|Any CPU
		Release|Any CPU = Release|Any CPU
	EndGlobalSection
	GlobalSection(ProjectConfigurationPlatforms) = postSolution
		{896F906C-489D-4980-9954-AA743FC0F33C}.Debug|Any CPU.ActiveCfg = Debug|Any CPU
		{896F906C-489D-4980-9954-AA743FC0F33C}.Debug|Any CPU.Build.0 = Debug|Any CPU
		{896F906C-489D-4980-9954-AA743FC0F33C}.Release|Any CPU.ActiveCfg = Release|Any CPU
		{896F906C-489D-4980-9954-AA743FC0F33C}.Release|Any CPU.Build.0 = Release|Any CPU
	EndGlobalSection
	GlobalSection(SolutionProperties) = preSolution
		HideSolutionNode = FALSE
	EndGlobalSection
	GlobalSection(ExtensibilityGlobals) = postSolution
		SolutionGuid = {817EFDE3-6F9F-4D94-8B9A-DF630B381BCE}
	EndGlobalSection
EndGlobal
